
Microsoft Visual Studio Solution File, Format Version 12.00
# Visual Studio Version 16
VisualStudioVersion = 16.0.28803.452
MinimumVisualStudioVersion = 10.0.40219.1
Project("{9A19103F-16F7-4668-BE54-9A1E7A4F7556}") = "CreateTuple", "CreateTuple.csproj", "{432BE49D-676E-4799-9585-2D4A993A8D7E}"
EndProject
Global
	GlobalSection(SolutionConfigurationPlatforms) = preSolution
		Debug|Any CPU = Debug|Any CPU
		Release|Any CPU = Release|Any CPU
	EndGlobalSection
	GlobalSection(ProjectConfigurationPlatforms) = postSolution
		{432BE49D-676E-4799-9585-2D4A993A8D7E}.Debug|Any CPU.ActiveCfg = Debug|Any CPU
		{432BE49D-676E-4799-9585-2D4A993A8D7E}.Debug|Any CPU.Build.0 = Debug|Any CPU
		{432BE49D-676E-4799-9585-2D4A993A8D7E}.Release|Any CPU.ActiveCfg = Release|Any CPU
		{432BE49D-676E-4799-9585-2D4A993A8D7E}.Release|Any CPU.Build.0 = Release|Any CPU
	EndGlobalSection
	GlobalSection(SolutionProperties) = preSolution
		HideSolutionNode = FALSE
	EndGlobalSection
	GlobalSection(ExtensibilityGlobals) = postSolution
		SolutionGuid = {F3BB1A53-BCC2-4115-9F1D-CCAC7822A04E}
	EndGlobalSection
EndGlobal
